{
  "pins" : [
    {
      "identity" : "packagea",
      "kind" : "remoteSourceControl",
      "location" : "https://github.com/YMLSreekanth/PackageA.git",
      "state" : {
        "revision" : "de73ad95850f3d5b4ac48990c276af2ee914b255",
        "version" : "1.0.0"
      }
    }
  ],
  "version" : 2
}
