{
  "pins" : [
    {
      "identity" : "packagea",
      "kind" : "remoteSourceControl",
      "location" : "https://github.com/YMLSreekanth/PackageA.git",
      "state" : {
        "revision" : "15d1136ed4df56265504f32725f1a86d7bbd6452",
        "version" : "0.0.9"
      }
    }
  ],
  "version" : 2
}
