{
  "pins" : [
    {
      "identity" : "packagea",
      "kind" : "remoteSourceControl",
      "location" : "https://github.com/YMLSreekanth/PackageA.git",
      "state" : {
        "revision" : "0401f76ae20921d64ce8b874beb665835b4c4ae7",
        "version" : "0.0.3"
      }
    }
  ],
  "version" : 2
}
